
Microsoft Visual Studio Solution File, Format Version 12.00
# Visual Studio 15
VisualStudioVersion = 15.0.28307.168
MinimumVisualStudioVersion = 10.0.40219.1
Project("{FAE04EC0-301F-11D3-BF4B-00C04F79EFBC}") = "MobileShopManagerDesktopApp", "MobileShopManagerDesktopApp\MobileShopManagerDesktopApp.csproj", "{B58BE5A4-6271-4D45-BA01-5CE37E0FA346}"
EndProject
Global
	GlobalSection(SolutionConfigurationPlatforms) = preSolution
		Debug|Any CPU = Debug|Any CPU
		Release|Any CPU = Release|Any CPU
	EndGlobalSection
	GlobalSection(ProjectConfigurationPlatforms) = postSolution
		{B58BE5A4-6271-4D45-BA01-5CE37E0FA346}.Debug|Any CPU.ActiveCfg = Debug|Any CPU
		{B58BE5A4-6271-4D45-BA01-5CE37E0FA346}.Debug|Any CPU.Build.0 = Debug|Any CPU
		{B58BE5A4-6271-4D45-BA01-5CE37E0FA346}.Release|Any CPU.ActiveCfg = Release|Any CPU
		{B58BE5A4-6271-4D45-BA01-5CE37E0FA346}.Release|Any CPU.Build.0 = Release|Any CPU
	EndGlobalSection
	GlobalSection(SolutionProperties) = preSolution
		HideSolutionNode = FALSE
	EndGlobalSection
	GlobalSection(ExtensibilityGlobals) = postSolution
		SolutionGuid = {09AAAFBF-07BE-4671-9838-7D66E0498BB7}
	EndGlobalSection
EndGlobal
